
Microsoft Visual Studio Solution File, Format Version 12.00
# Visual Studio Version 16
VisualStudioVersion = 16.0.30011.22
MinimumVisualStudioVersion = 10.0.40219.1
Project("{FAE04EC0-301F-11D3-BF4B-00C04F79EFBC}") = "APIExample", "APIExample.csproj", "{CBAAAAA2-D785-470F-8B10-175FCC0C5B1C}"
EndProject
Global
	GlobalSection(SolutionConfigurationPlatforms) = preSolution
		Debug|Any CPU = Debug|Any CPU
		Release|Any CPU = Release|Any CPU
	EndGlobalSection
	GlobalSection(ProjectConfigurationPlatforms) = postSolution
		{CBAAAAA2-D785-470F-8B10-175FCC0C5B1C}.Debug|Any CPU.ActiveCfg = Debug|Any CPU
		{CBAAAAA2-D785-470F-8B10-175FCC0C5B1C}.Debug|Any CPU.Build.0 = Debug|Any CPU
		{CBAAAAA2-D785-470F-8B10-175FCC0C5B1C}.Release|Any CPU.ActiveCfg = Release|Any CPU
		{CBAAAAA2-D785-470F-8B10-175FCC0C5B1C}.Release|Any CPU.Build.0 = Release|Any CPU
	EndGlobalSection
	GlobalSection(SolutionProperties) = preSolution
		HideSolutionNode = FALSE
	EndGlobalSection
	GlobalSection(ExtensibilityGlobals) = postSolution
		SolutionGuid = {EA8C9492-51BA-4773-B95A-A0B9200D2D2D}
	EndGlobalSection
EndGlobal
